
Microsoft Visual Studio Solution File, Format Version 12.00
# Visual Studio 15
VisualStudioVersion = 15.0.27703.2018
MinimumVisualStudioVersion = 10.0.40219.1
Project("{FAE04EC0-301F-11D3-BF4B-00C04F79EFBC}") = "StringCalculatorDay5", "StringCalculatorDay5\StringCalculatorDay5.csproj", "{C7FBDAB4-B2C7-434D-A6CD-8C0AD62C24E8}"
EndProject
Project("{FAE04EC0-301F-11D3-BF4B-00C04F79EFBC}") = "StringCalculatorDay5Tests", "StringCalculatorDay5Tests\StringCalculatorDay5Tests.csproj", "{13160965-0A1F-4915-9754-4D19F975D180}"
EndProject
Global
	GlobalSection(SolutionConfigurationPlatforms) = preSolution
		Debug|Any CPU = Debug|Any CPU
		Release|Any CPU = Release|Any CPU
	EndGlobalSection
	GlobalSection(ProjectConfigurationPlatforms) = postSolution
		{C7FBDAB4-B2C7-434D-A6CD-8C0AD62C24E8}.Debug|Any CPU.ActiveCfg = Debug|Any CPU
		{C7FBDAB4-B2C7-434D-A6CD-8C0AD62C24E8}.Debug|Any CPU.Build.0 = Debug|Any CPU
		{C7FBDAB4-B2C7-434D-A6CD-8C0AD62C24E8}.Release|Any CPU.ActiveCfg = Release|Any CPU
		{C7FBDAB4-B2C7-434D-A6CD-8C0AD62C24E8}.Release|Any CPU.Build.0 = Release|Any CPU
		{13160965-0A1F-4915-9754-4D19F975D180}.Debug|Any CPU.ActiveCfg = Debug|Any CPU
		{13160965-0A1F-4915-9754-4D19F975D180}.Debug|Any CPU.Build.0 = Debug|Any CPU
		{13160965-0A1F-4915-9754-4D19F975D180}.Release|Any CPU.ActiveCfg = Release|Any CPU
		{13160965-0A1F-4915-9754-4D19F975D180}.Release|Any CPU.Build.0 = Release|Any CPU
	EndGlobalSection
	GlobalSection(SolutionProperties) = preSolution
		HideSolutionNode = FALSE
	EndGlobalSection
	GlobalSection(ExtensibilityGlobals) = postSolution
		SolutionGuid = {225867F7-5883-45F8-B10B-D2969F92A88F}
	EndGlobalSection
EndGlobal
